// !$*UTF8*$!
{
	archiveVersion = 1;
	classes = {
	};
	objectVersion = 56;
	objects = {

/* Begin PBXBuildFile section */
		9A1095CC29B975A500B4ACE2 /* Nuke in Frameworks */ = {isa = PBXBuildFile; productRef = 9A1095CB29B975A500B4ACE2 /* Nuke */; };
		9AD21F3129B6C3BC00A0A94F /* AppDelegate.swift in Sources */ = {isa = PBXBuildFile; fileRef = 9AD21F3029B6C3BC00A0A94F /* AppDelegate.swift */; };
		9AD21F3329B6C3BC00A0A94F /* SceneDelegate.swift in Sources */ = {isa = PBXBuildFile; fileRef = 9AD21F3229B6C3BC00A0A94F /* SceneDelegate.swift */; };
		9AD21F3529B6C3BC00A0A94F /* ViewController.swift in Sources */ = {isa = PBXBuildFile; fileRef = 9AD21F3429B6C3BC00A0A94F /* ViewController.swift */; };
		9AD21F3829B6C3BC00A0A94F /* Main.storyboard in Resources */ = {isa = PBXBuildFile; fileRef = 9AD21F3629B6C3BC00A0A94F /* Main.storyboard */; };
		9AD21F3A29B6C3BE00A0A94F /* Assets.xcassets in Resources */ = {isa = PBXBuildFile; fileRef = 9AD21F3929B6C3BE00A0A94F /* Assets.xcassets */; };
		9AD21F3D29B6C3BE00A0A94F /* LaunchScreen.storyboard in Resources */ = {isa = PBXBuildFile; fileRef = 9AD21F3B29B6C3BE00A0A94F /* LaunchScreen.storyboard */; };
		9AD21F4629B6C6E300A0A94F /* Movie.swift in Sources */ = {isa = PBXBuildFile; fileRef = 9AD21F4529B6C6E300A0A94F /* Movie.swift */; };
		9AD21F4829B6E03E00A0A94F /* MovieCell.swift in Sources */ = {isa = PBXBuildFile; fileRef = 9AD21F4729B6E03E00A0A94F /* MovieCell.swift */; };
/* End PBXBuildFile section */

/* Begin PBXFileReference section */
		9AD21F2D29B6C3BC00A0A94F /* Flixster Pt. 1.app */ = {isa = PBXFileReference; explicitFileType = wrapper.application; includeInIndex = 0; path = "Flixster Pt. 1.app"; sourceTree = BUILT_PRODUCTS_DIR; };
		9AD21F3029B6C3BC00A0A94F /* AppDelegate.swift */ = {isa = PBXFileReference; lastKnownFileType = sourcecode.swift; path = AppDelegate.swift; sourceTree = "<group>"; };
		9AD21F3229B6C3BC00A0A94F /* SceneDelegate.swift */ = {isa = PBXFileReference; lastKnownFileType = sourcecode.swift; path = SceneDelegate.swift; sourceTree = "<group>"; };
		9AD21F3429B6C3BC00A0A94F /* ViewController.swift */ = {isa = PBXFileReference; lastKnownFileType = sourcecode.swift; path = ViewController.swift; sourceTree = "<group>"; };
		9AD21F3729B6C3BC00A0A94F /* Base */ = {isa = PBXFileReference; lastKnownFileType = file.storyboard; name = Base; path = Base.lproj/Main.storyboard; sourceTree = "<group>"; };
		9AD21F3929B6C3BE00A0A94F /* Assets.xcassets */ = {isa = PBXFileReference; lastKnownFileType = folder.assetcatalog; path = Assets.xcassets; sourceTree = "<group>"; };
		9AD21F3C29B6C3BE00A0A94F /* Base */ = {isa = PBXFileReference; lastKnownFileType = file.storyboard; name = Base; path = Base.lproj/LaunchScreen.storyboard; sourceTree = "<group>"; };
		9AD21F3E29B6C3BE00A0A94F /* Info.plist */ = {isa = PBXFileReference; lastKnownFileType = text.plist.xml; path = Info.plist; sourceTree = "<group>"; };
		9AD21F4529B6C6E300A0A94F /* Movie.swift */ = {isa = PBXFileReference; lastKnownFileType = sourcecode.swift; path = Movie.swift; sourceTree = "<group>"; };
		9AD21F4729B6E03E00A0A94F /* MovieCell.swift */ = {isa = PBXFileReference; lastKnownFileType = sourcecode.swift; path = MovieCell.swift; sourceTree = "<group>"; };
/* End PBXFileReference section */

/* Begin PBXFrameworksBuildPhase section */
		9AD21F2A29B6C3BC00A0A94F /* Frameworks */ = {
			isa = PBXFrameworksBuildPhase;
			buildActionMask = 2147483647;
			files = (
				9A1095CC29B975A500B4ACE2 /* Nuke in Frameworks */,
			);
			runOnlyForDeploymentPostprocessing = 0;
		};
/* End PBXFrameworksBuildPhase section */

/* Begin PBXGroup section */
		9AD21F2429B6C3BC00A0A94F = {
			isa = PBXGroup;
			children = (
				9AD21F2F29B6C3BC00A0A94F /* Flixster Pt. 1 */,
				9AD21F2E29B6C3BC00A0A94F /* Products */,
			);
			sourceTree = "<group>";
		};
		9AD21F2E29B6C3BC00A0A94F /* Products */ = {
			isa = PBXGroup;
			children = (
				9AD21F2D29B6C3BC00A0A94F /* Flixster Pt. 1.app */,
			);
			name = Products;
			sourceTree = "<group>";
		};
		9AD21F2F29B6C3BC00A0A94F /* Flixster Pt. 1 */ = {
			isa = PBXGroup;
			children = (
				9AD21F4429B6C69300A0A94F /* Models */,
				9AD21F3029B6C3BC00A0A94F /* AppDelegate.swift */,
				9AD21F3229B6C3BC00A0A94F /* SceneDelegate.swift */,
				9AD21F3429B6C3BC00A0A94F /* ViewController.swift */,
				9AD21F4729B6E03E00A0A94F /* MovieCell.swift */,
				9AD21F3629B6C3BC00A0A94F /* Main.storyboard */,
				9AD21F3929B6C3BE00A0A94F /* Assets.xcassets */,
				9AD21F3B29B6C3BE00A0A94F /* LaunchScreen.storyboard */,
				9AD21F3E29B6C3BE00A0A94F /* Info.plist */,
			);
			path = "Flixster Pt. 1";
			sourceTree = "<group>";
		};
		9AD21F4429B6C69300A0A94F /* Models */ = {
			isa = PBXGroup;
			children = (
				9AD21F4529B6C6E300A0A94F /* Movie.swift */,
			);
			path = Models;
			sourceTree = "<group>";
		};
/* End PBXGroup section */

/* Begin PBXNativeTarget section */
		9AD21F2C29B6C3BC00A0A94F /* Flixster Pt. 1 */ = {
			isa = PBXNativeTarget;
			buildConfigurationList = 9AD21F4129B6C3BE00A0A94F /* Build configuration list for PBXNativeTarget "Flixster Pt. 1" */;
			buildPhases = (
				9AD21F2929B6C3BC00A0A94F /* Sources */,
				9AD21F2A29B6C3BC00A0A94F /* Frameworks */,
				9AD21F2B29B6C3BC00A0A94F /* Resources */,
			);
			buildRules = (
			);
			dependencies = (
			);
			name = "Flixster Pt. 1";
			packageProductDependencies = (
				9A1095CB29B975A500B4ACE2 /* Nuke */,
			);
			productName = "Flixster Pt. 1";
			productReference = 9AD21F2D29B6C3BC00A0A94F /* Flixster Pt. 1.app */;
			productType = "com.apple.product-type.application";
		};
/* End PBXNativeTarget section */

/* Begin PBXProject section */
		9AD21F2529B6C3BC00A0A94F /* Project object */ = {
			isa = PBXProject;
			attributes = {
				BuildIndependentTargetsInParallel = 1;
				LastSwiftUpdateCheck = 1420;
				LastUpgradeCheck = 1420;
				TargetAttributes = {
					9AD21F2C29B6C3BC00A0A94F = {
						CreatedOnToolsVersion = 14.2;
					};
				};
			};
			buildConfigurationList = 9AD21F2829B6C3BC00A0A94F /* Build configuration list for PBXProject "Flixster Pt. 1" */;
			compatibilityVersion = "Xcode 14.0";
			developmentRegion = en;
			hasScannedForEncodings = 0;
			knownRegions = (
				en,
				Base,
			);
			mainGroup = 9AD21F2429B6C3BC00A0A94F;
			packageReferences = (
				9A1095CA29B975A500B4ACE2 /* XCRemoteSwiftPackageReference "Nuke" */,
			);
			productRefGroup = 9AD21F2E29B6C3BC00A0A94F /* Products */;
			projectDirPath = "";
			projectRoot = "";
			targets = (
				9AD21F2C29B6C3BC00A0A94F /* Flixster Pt. 1 */,
			);
		};
/* End PBXProject section */

/* Begin PBXResourcesBuildPhase section */
		9AD21F2B29B6C3BC00A0A94F /* Resources */ = {
			isa = PBXResourcesBuildPhase;
			buildActionMask = 2147483647;
			files = (
				9AD21F3D29B6C3BE00A0A94F /* LaunchScreen.storyboard in Resources */,
				9AD21F3A29B6C3BE00A0A94F /* Assets.xcassets in Resources */,
				9AD21F3829B6C3BC00A0A94F /* Main.storyboard in Resources */,
			);
			runOnlyForDeploymentPostprocessing = 0;
		};
/* End PBXResourcesBuildPhase section */

/* Begin PBXSourcesBuildPhase section */
		9AD21F2929B6C3BC00A0A94F /* Sources */ = {
			isa = PBXSourcesBuildPhase;
			buildActionMask = 2147483647;
			files = (
				9AD21F3529B6C3BC00A0A94F /* ViewController.swift in Sources */,
				9AD21F4629B6C6E300A0A94F /* Movie.swift in Sources */,
				9AD21F3129B6C3BC00A0A94F /* AppDelegate.swift in Sources */,
				9AD21F4829B6E03E00A0A94F /* MovieCell.swift in Sources */,
				9AD21F3329B6C3BC00A0A94F /* SceneDelegate.swift in Sources */,
			);
			runOnlyForDeploymentPostprocessing = 0;
		};
/* End PBXSourcesBuildPhase section */

/* Begin PBXVariantGroup section */
		9AD21F3629B6C3BC00A0A94F /* Main.storyboard */ = {
			isa = PBXVariantGroup;
			children = (
				9AD21F3729B6C3BC00A0A94F /* Base */,
			);
			name = Main.storyboard;
			sourceTree = "<group>";
		};
		9AD21F3B29B6C3BE00A0A94F /* LaunchScreen.storyboard */ = {
			isa = PBXVariantGroup;
			children = (
				9AD21F3C29B6C3BE00A0A94F /* Base */,
			);
			name = LaunchScreen.storyboard;
			sourceTree = "<group>";
		};
/* End PBXVariantGroup section */

/* Begin XCBuildConfiguration section */
		9AD21F3F29B6C3BE00A0A94F /* Debug */ = {
			isa = XCBuildConfiguration;
			buildSettings = {
				ALWAYS_SEARCH_USER_PATHS = NO;
				CLANG_ANALYZER_NONNULL = YES;
				CLANG_ANALYZER_NUMBER_OBJECT_CONVERSION = YES_AGGRESSIVE;
				CLANG_CXX_LANGUAGE_STANDARD = "gnu++20";
				CLANG_ENABLE_MODULES = YES;
				CLANG_ENABLE_OBJC_ARC = YES;
				CLANG_ENABLE_OBJC_WEAK = YES;
				CLANG_WARN_BLOCK_CAPTURE_AUTORELEASING = YES;
				CLANG_WARN_BOOL_CONVERSION = YES;
				CLANG_WARN_COMMA = YES;
				CLANG_WARN_CONSTANT_CONVERSION = YES;
				CLANG_WARN_DEPRECATED_OBJC_IMPLEMENTATIONS = YES;
				CLANG_WARN_DIRECT_OBJC_ISA_USAGE = YES_ERROR;
				CLANG_WARN_DOCUMENTATION_COMMENTS = YES;
				CLANG_WARN_EMPTY_BODY = YES;
				CLANG_WARN_ENUM_CONVERSION = YES;
				CLANG_WARN_INFINITE_RECURSION = YES;
				CLANG_WARN_INT_CONVERSION = YES;
				CLANG_WARN_NON_LITERAL_NULL_CONVERSION = YES;
				CLANG_WARN_OBJC_IMPLICIT_RETAIN_SELF = YES;
				CLANG_WARN_OBJC_LITERAL_CONVERSION = YES;
				CLANG_WARN_OBJC_ROOT_CLASS = YES_ERROR;
				CLANG_WARN_QUOTED_INCLUDE_IN_FRAMEWORK_HEADER = YES;
				CLANG_WARN_RANGE_LOOP_ANALYSIS = YES;
				CLANG_WARN_STRICT_PROTOTYPES = YES;
				CLANG_WARN_SUSPICIOUS_MOVE = YES;
				CLANG_WARN_UNGUARDED_AVAILABILITY = YES_AGGRESSIVE;
				CLANG_WARN_UNREACHABLE_CODE = YES;
				CLANG_WARN__DUPLICATE_METHOD_MATCH = YES;
				COPY_PHASE_STRIP = NO;
				DEBUG_INFORMATION_FORMAT = dwarf;
				ENABLE_STRICT_OBJC_MSGSEND = YES;
				ENABLE_TESTABILITY = YES;
				GCC_C_LANGUAGE_STANDARD = gnu11;
				GCC_DYNAMIC_NO_PIC = NO;
				GCC_NO_COMMON_BLOCKS = YES;
				GCC_OPTIMIZATION_LEVEL = 0;
				GCC_PREPROCESSOR_DEFINITIONS = (
					"DEBUG=1",
					"$(inherited)",
				);
				GCC_WARN_64_TO_32_BIT_CONVERSION = YES;
				GCC_WARN_ABOUT_RETURN_TYPE = YES_ERROR;
				GCC_WARN_UNDECLARED_SELECTOR = YES;
				GCC_WARN_UNINITIALIZED_AUTOS = YES_AGGRESSIVE;
				GCC_WARN_UNUSED_FUNCTION = YES;
				GCC_WARN_UNUSED_VARIABLE = YES;
				IPHONEOS_DEPLOYMENT_TARGET = 16.2;
				MTL_ENABLE_DEBUG_INFO = INCLUDE_SOURCE;
				MTL_FAST_MATH = YES;
				ONLY_ACTIVE_ARCH = YES;
				SDKROOT = iphoneos;
				SWIFT_ACTIVE_COMPILATION_CONDITIONS = DEBUG;
				SWIFT_OPTIMIZATION_LEVEL = "-Onone";
			};
			name = Debug;
		};
		9AD21F4029B6C3BE00A0A94F /* Release */ = {
			isa = XCBuildConfiguration;
			buildSettings = {
				ALWAYS_SEARCH_USER_PATHS = NO;
				CLANG_ANALYZER_NONNULL = YES;
				CLANG_ANALYZER_NUMBER_OBJECT_CONVERSION = YES_AGGRESSIVE;
				CLANG_CXX_LANGUAGE_STANDARD = "gnu++20";
				CLANG_ENABLE_MODULES = YES;
				CLANG_ENABLE_OBJC_ARC = YES;
				CLANG_ENABLE_OBJC_WEAK = YES;
				CLANG_WARN_BLOCK_CAPTURE_AUTORELEASING = YES;
				CLANG_WARN_BOOL_CONVERSION = YES;
				CLANG_WARN_COMMA = YES;
				CLANG_WARN_CONSTANT_CONVERSION = YES;
				CLANG_WARN_DEPRECATED_OBJC_IMPLEMENTATIONS = YES;
				CLANG_WARN_DIRECT_OBJC_ISA_USAGE = YES_ERROR;
				CLANG_WARN_DOCUMENTATION_COMMENTS = YES;
				CLANG_WARN_EMPTY_BODY = YES;
				CLANG_WARN_ENUM_CONVERSION = YES;
				CLANG_WARN_INFINITE_RECURSION = YES;
				CLANG_WARN_INT_CONVERSION = YES;
				CLANG_WARN_NON_LITERAL_NULL_CONVERSION = YES;
				CLANG_WARN_OBJC_IMPLICIT_RETAIN_SELF = YES;
				CLANG_WARN_OBJC_LITERAL_CONVERSION = YES;
				CLANG_WARN_OBJC_ROOT_CLASS = YES_ERROR;
				CLANG_WARN_QUOTED_INCLUDE_IN_FRAMEWORK_HEADER = YES;
				CLANG_WARN_RANGE_LOOP_ANALYSIS = YES;
				CLANG_WARN_STRICT_PROTOTYPES = YES;
				CLANG_WARN_SUSPICIOUS_MOVE = YES;
				CLANG_WARN_UNGUARDED_AVAILABILITY = YES_AGGRESSIVE;
				CLANG_WARN_UNREACHABLE_CODE = YES;
				CLANG_WARN__DUPLICATE_METHOD_MATCH = YES;
				COPY_PHASE_STRIP = NO;
				DEBUG_INFORMATION_FORMAT = "dwarf-with-dsym";
				ENABLE_NS_ASSERTIONS = NO;
				ENABLE_STRICT_OBJC_MSGSEND = YES;
				GCC_C_LANGUAGE_STANDARD = gnu11;
				GCC_NO_COMMON_BLOCKS = YES;
				GCC_WARN_64_TO_32_BIT_CONVERSION = YES;
				GCC_WARN_ABOUT_RETURN_TYPE = YES_ERROR;
				GCC_WARN_UNDECLARED_SELECTOR = YES;
				GCC_WARN_UNINITIALIZED_AUTOS = YES_AGGRESSIVE;
				GCC_WARN_UNUSED_FUNCTION = YES;
				GCC_WARN_UNUSED_VARIABLE = YES;
				IPHONEOS_DEPLOYMENT_TARGET = 16.2;
				MTL_ENABLE_DEBUG_INFO = NO;
				MTL_FAST_MATH = YES;
				SDKROOT = iphoneos;
				SWIFT_COMPILATION_MODE = wholemodule;
				SWIFT_OPTIMIZATION_LEVEL = "-O";
				VALIDATE_PRODUCT = YES;
			};
			name = Release;
		};
		9AD21F4229B6C3BE00A0A94F /* Debug */ = {
			isa = XCBuildConfiguration;
			buildSettings = {
				ASSETCATALOG_COMPILER_APPICON_NAME = AppIcon;
				ASSETCATALOG_COMPILER_GLOBAL_ACCENT_COLOR_NAME = AccentColor;
				CODE_SIGN_STYLE = Automatic;
				CURRENT_PROJECT_VERSION = 1;
				DEVELOPMENT_TEAM = 35BZ326AZQ;
				GENERATE_INFOPLIST_FILE = YES;
				INFOPLIST_FILE = "Flixster Pt. 1/Info.plist";
				INFOPLIST_KEY_UIApplicationSupportsIndirectInputEvents = YES;
				INFOPLIST_KEY_UILaunchStoryboardName = LaunchScreen;
				INFOPLIST_KEY_UIMainStoryboardFile = Main;
				INFOPLIST_KEY_UISupportedInterfaceOrientations_iPad = "UIInterfaceOrientationPortrait UIInterfaceOrientationPortraitUpsideDown UIInterfaceOrientationLandscapeLeft UIInterfaceOrientationLandscapeRight";
				INFOPLIST_KEY_UISupportedInterfaceOrientations_iPhone = "UIInterfaceOrientationPortrait UIInterfaceOrientationLandscapeLeft UIInterfaceOrientationLandscapeRight";
				LD_RUNPATH_SEARCH_PATHS = (
					"$(inherited)",
					"@executable_path/Frameworks",
				);
				MARKETING_VERSION = 1.0;
				PRODUCT_BUNDLE_IDENTIFIER = "jingliu.Flixster-Pt--1";
				PRODUCT_NAME = "$(TARGET_NAME)";
				SWIFT_EMIT_LOC_STRINGS = YES;
				SWIFT_VERSION = 5.0;
				TARGETED_DEVICE_FAMILY = "1,2";
			};
			name = Debug;
		};
		9AD21F4329B6C3BE00A0A94F /* Release */ = {
			isa = XCBuildConfiguration;
			buildSettings = {
				ASSETCATALOG_COMPILER_APPICON_NAME = AppIcon;
				ASSETCATALOG_COMPILER_GLOBAL_ACCENT_COLOR_NAME = AccentColor;
				CODE_SIGN_STYLE = Automatic;
				CURRENT_PROJECT_VERSION = 1;
				DEVELOPMENT_TEAM = 35BZ326AZQ;
				GENERATE_INFOPLIST_FILE = YES;
				INFOPLIST_FILE = "Flixster Pt. 1/Info.plist";
				INFOPLIST_KEY_UIApplicationSupportsIndirectInputEvents = YES;
				INFOPLIST_KEY_UILaunchStoryboardName = LaunchScreen;
				INFOPLIST_KEY_UIMainStoryboardFile = Main;
				INFOPLIST_KEY_UISupportedInterfaceOrientations_iPad = "UIInterfaceOrientationPortrait UIInterfaceOrientationPortraitUpsideDown UIInterfaceOrientationLandscapeLeft UIInterfaceOrientationLandscapeRight";
				INFOPLIST_KEY_UISupportedInterfaceOrientations_iPhone = "UIInterfaceOrientationPortrait UIInterfaceOrientationLandscapeLeft UIInterfaceOrientationLandscapeRight";
				LD_RUNPATH_SEARCH_PATHS = (
					"$(inherited)",
					"@executable_path/Frameworks",
				);
				MARKETING_VERSION = 1.0;
				PRODUCT_BUNDLE_IDENTIFIER = "jingliu.Flixster-Pt--1";
				PRODUCT_NAME = "$(TARGET_NAME)";
				SWIFT_EMIT_LOC_STRINGS = YES;
				SWIFT_VERSION = 5.0;
				TARGETED_DEVICE_FAMILY = "1,2";
			};
			name = Release;
		};
/* End XCBuildConfiguration section */

/* Begin XCConfigurationList section */
		9AD21F2829B6C3BC00A0A94F /* Build configuration list for PBXProject "Flixster Pt. 1" */ = {
			isa = XCConfigurationList;
			buildConfigurations = (
				9AD21F3F29B6C3BE00A0A94F /* Debug */,
				9AD21F4029B6C3BE00A0A94F /* Release */,
			);
			defaultConfigurationIsVisible = 0;
			defaultConfigurationName = Release;
		};
		9AD21F4129B6C3BE00A0A94F /* Build configuration list for PBXNativeTarget "Flixster Pt. 1" */ = {
			isa = XCConfigurationList;
			buildConfigurations = (
				9AD21F4229B6C3BE00A0A94F /* Debug */,
				9AD21F4329B6C3BE00A0A94F /* Release */,
			);
			defaultConfigurationIsVisible = 0;
			defaultConfigurationName = Release;
		};
/* End XCConfigurationList section */

/* Begin XCRemoteSwiftPackageReference section */
		9A1095CA29B975A500B4ACE2 /* XCRemoteSwiftPackageReference "Nuke" */ = {
			isa = XCRemoteSwiftPackageReference;
			repositoryURL = "https://github.com/kean/Nuke";
			requirement = {
				kind = upToNextMajorVersion;
				minimumVersion = 9.0.0;
			};
		};
/* End XCRemoteSwiftPackageReference section */

/* Begin XCSwiftPackageProductDependency section */
		9A1095CB29B975A500B4ACE2 /* Nuke */ = {
			isa = XCSwiftPackageProductDependency;
			package = 9A1095CA29B975A500B4ACE2 /* XCRemoteSwiftPackageReference "Nuke" */;
			productName = Nuke;
		};
/* End XCSwiftPackageProductDependency section */
	};
	rootObject = 9AD21F2529B6C3BC00A0A94F /* Project object */;
}
